// !$*UTF8*$!
{
	archiveVersion = 1;
	classes = {
	};
	objectVersion = 46;
	objects = {

/* Begin PBXBuildFile section */
		EA0ABE3A1FBF475F002B8C93 /* main.m in Sources */ = {isa = PBXBuildFile; fileRef = EA0ABE391FBF475F002B8C93 /* main.m */; };
		EA0ABE3D1FBF475F002B8C93 /* AppDelegate.m in Sources */ = {isa = PBXBuildFile; fileRef = EA0ABE3C1FBF475F002B8C93 /* AppDelegate.m */; };
		EA0ABE401FBF475F002B8C93 /* ViewController.m in Sources */ = {isa = PBXBuildFile; fileRef = EA0ABE3F1FBF475F002B8C93 /* ViewController.m */; };
		EA0ABE431FBF475F002B8C93 /* Main.storyboard in Resources */ = {isa = PBXBuildFile; fileRef = EA0ABE411FBF475F002B8C93 /* Main.storyboard */; };
		EA0ABE451FBF475F002B8C93 /* Assets.xcassets in Resources */ = {isa = PBXBuildFile; fileRef = EA0ABE441FBF475F002B8C93 /* Assets.xcassets */; };
		EA0ABE481FBF475F002B8C93 /* LaunchScreen.storyboard in Resources */ = {isa = PBXBuildFile; fileRef = EA0ABE461FBF475F002B8C93 /* LaunchScreen.storyboard */; };
		EA0ABE531FBF4760002B8C93 /* dangerZoneTests.m in Sources */ = {isa = PBXBuildFile; fileRef = EA0ABE521FBF4760002B8C93 /* dangerZoneTests.m */; };
		EA0ABE5E1FBF4760002B8C93 /* dangerZoneUITests.m in Sources */ = {isa = PBXBuildFile; fileRef = EA0ABE5D1FBF4760002B8C93 /* dangerZoneUITests.m */; };
		EA0ABE6D1FBF49EF002B8C93 /* CoreLocation.framework in Frameworks */ = {isa = PBXBuildFile; fileRef = EA0ABE6C1FBF49EF002B8C93 /* CoreLocation.framework */; };
		EA0ABE6F1FBF5918002B8C93 /* MapKit.framework in Frameworks */ = {isa = PBXBuildFile; fileRef = EA0ABE6E1FBF5918002B8C93 /* MapKit.framework */; };
		EA95151A1FD8643800386EEF /* DetailsViewController.m in Sources */ = {isa = PBXBuildFile; fileRef = EA9515191FD8643800386EEF /* DetailsViewController.m */; };
		EA95151D1FD864AD00386EEF /* TableViewController.m in Sources */ = {isa = PBXBuildFile; fileRef = EA95151C1FD864AD00386EEF /* TableViewController.m */; };
		EA9515201FD8658C00386EEF /* equipment.m in Sources */ = {isa = PBXBuildFile; fileRef = EA95151F1FD8658C00386EEF /* equipment.m */; };
		EA9515231FD866F000386EEF /* dataModel.m in Sources */ = {isa = PBXBuildFile; fileRef = EA9515221FD866F000386EEF /* dataModel.m */; };
		EAA46BBC1FD88D0200B222D0 /* ak-47.jpg in Resources */ = {isa = PBXBuildFile; fileRef = EAA46BB31FD88D0200B222D0 /* ak-47.jpg */; };
		EAA46BBD1FD88D0200B222D0 /* akm.jpg in Resources */ = {isa = PBXBuildFile; fileRef = EAA46BB41FD88D0200B222D0 /* akm.jpg */; };
		EAA46BBE1FD88D0200B222D0 /* dragunov.jpg in Resources */ = {isa = PBXBuildFile; fileRef = EAA46BB51FD88D0200B222D0 /* dragunov.jpg */; };
		EAA46BBF1FD88D0200B222D0 /* dshk_hmg.jpg in Resources */ = {isa = PBXBuildFile; fileRef = EAA46BB61FD88D0200B222D0 /* dshk_hmg.jpg */; };
		EAA46BC01FD88D0200B222D0 /* rpg-18.jpg in Resources */ = {isa = PBXBuildFile; fileRef = EAA46BB71FD88D0200B222D0 /* rpg-18.jpg */; };
		EAA46BC11FD88D0200B222D0 /* rpg-7.jpg in Resources */ = {isa = PBXBuildFile; fileRef = EAA46BB81FD88D0200B222D0 /* rpg-7.jpg */; };
		EAA46BC21FD88D0200B222D0 /* rpk_lmg.jpg in Resources */ = {isa = PBXBuildFile; fileRef = EAA46BB91FD88D0200B222D0 /* rpk_lmg.jpg */; };
		EAA46BC31FD88D0200B222D0 /* rpo-a.jpg in Resources */ = {isa = PBXBuildFile; fileRef = EAA46BBA1FD88D0200B222D0 /* rpo-a.jpg */; };
		EAA46BC41FD88D0200B222D0 /* tt-33_tokarev.jpg in Resources */ = {isa = PBXBuildFile; fileRef = EAA46BBB1FD88D0200B222D0 /* tt-33_tokarev.jpg */; };
/* End PBXBuildFile section */

/* Begin PBXContainerItemProxy section */
		EA0ABE4F1FBF4760002B8C93 /* PBXContainerItemProxy */ = {
			isa = PBXContainerItemProxy;
			containerPortal = EA0ABE2D1FBF475F002B8C93 /* Project object */;
			proxyType = 1;
			remoteGlobalIDString = EA0ABE341FBF475F002B8C93;
			remoteInfo = dangerZone;
		};
		EA0ABE5A1FBF4760002B8C93 /* PBXContainerItemProxy */ = {
			isa = PBXContainerItemProxy;
			containerPortal = EA0ABE2D1FBF475F002B8C93 /* Project object */;
			proxyType = 1;
			remoteGlobalIDString = EA0ABE341FBF475F002B8C93;
			remoteInfo = dangerZone;
		};
/* End PBXContainerItemProxy section */

/* Begin PBXFileReference section */
		EA0ABE351FBF475F002B8C93 /* dangerZone.app */ = {isa = PBXFileReference; explicitFileType = wrapper.application; includeInIndex = 0; path = dangerZone.app; sourceTree = BUILT_PRODUCTS_DIR; };
		EA0ABE391FBF475F002B8C93 /* main.m */ = {isa = PBXFileReference; lastKnownFileType = sourcecode.c.objc; path = main.m; sourceTree = "<group>"; };
		EA0ABE3B1FBF475F002B8C93 /* AppDelegate.h */ = {isa = PBXFileReference; lastKnownFileType = sourcecode.c.h; path = AppDelegate.h; sourceTree = "<group>"; };
		EA0ABE3C1FBF475F002B8C93 /* AppDelegate.m */ = {isa = PBXFileReference; lastKnownFileType = sourcecode.c.objc; path = AppDelegate.m; sourceTree = "<group>"; };
		EA0ABE3E1FBF475F002B8C93 /* ViewController.h */ = {isa = PBXFileReference; lastKnownFileType = sourcecode.c.h; path = ViewController.h; sourceTree = "<group>"; };
		EA0ABE3F1FBF475F002B8C93 /* ViewController.m */ = {isa = PBXFileReference; lastKnownFileType = sourcecode.c.objc; path = ViewController.m; sourceTree = "<group>"; };
		EA0ABE421FBF475F002B8C93 /* Base */ = {isa = PBXFileReference; lastKnownFileType = file.storyboard; name = Base; path = Base.lproj/Main.storyboard; sourceTree = "<group>"; };
		EA0ABE441FBF475F002B8C93 /* Assets.xcassets */ = {isa = PBXFileReference; lastKnownFileType = folder.assetcatalog; path = Assets.xcassets; sourceTree = "<group>"; };
		EA0ABE471FBF475F002B8C93 /* Base */ = {isa = PBXFileReference; lastKnownFileType = file.storyboard; name = Base; path = Base.lproj/LaunchScreen.storyboard; sourceTree = "<group>"; };
		EA0ABE491FBF475F002B8C93 /* Info.plist */ = {isa = PBXFileReference; lastKnownFileType = text.plist.xml; path = Info.plist; sourceTree = "<group>"; };
		EA0ABE4E1FBF4760002B8C93 /* dangerZoneTests.xctest */ = {isa = PBXFileReference; explicitFileType = wrapper.cfbundle; includeInIndex = 0; path = dangerZoneTests.xctest; sourceTree = BUILT_PRODUCTS_DIR; };
		EA0ABE521FBF4760002B8C93 /* dangerZoneTests.m */ = {isa = PBXFileReference; lastKnownFileType = sourcecode.c.objc; path = dangerZoneTests.m; sourceTree = "<group>"; };
		EA0ABE541FBF4760002B8C93 /* Info.plist */ = {isa = PBXFileReference; lastKnownFileType = text.plist.xml; path = Info.plist; sourceTree = "<group>"; };
		EA0ABE591FBF4760002B8C93 /* dangerZoneUITests.xctest */ = {isa = PBXFileReference; explicitFileType = wrapper.cfbundle; includeInIndex = 0; path = dangerZoneUITests.xctest; sourceTree = BUILT_PRODUCTS_DIR; };
		EA0ABE5D1FBF4760002B8C93 /* dangerZoneUITests.m */ = {isa = PBXFileReference; lastKnownFileType = sourcecode.c.objc; path = dangerZoneUITests.m; sourceTree = "<group>"; };
		EA0ABE5F1FBF4760002B8C93 /* Info.plist */ = {isa = PBXFileReference; lastKnownFileType = text.plist.xml; path = Info.plist; sourceTree = "<group>"; };
		EA0ABE6C1FBF49EF002B8C93 /* CoreLocation.framework */ = {isa = PBXFileReference; lastKnownFileType = wrapper.framework; name = CoreLocation.framework; path = System/Library/Frameworks/CoreLocation.framework; sourceTree = SDKROOT; };
		EA0ABE6E1FBF5918002B8C93 /* MapKit.framework */ = {isa = PBXFileReference; lastKnownFileType = wrapper.framework; name = MapKit.framework; path = System/Library/Frameworks/MapKit.framework; sourceTree = SDKROOT; };
		EA9515181FD8643800386EEF /* DetailsViewController.h */ = {isa = PBXFileReference; fileEncoding = 4; lastKnownFileType = sourcecode.c.h; path = DetailsViewController.h; sourceTree = "<group>"; };
		EA9515191FD8643800386EEF /* DetailsViewController.m */ = {isa = PBXFileReference; fileEncoding = 4; lastKnownFileType = sourcecode.c.objc; path = DetailsViewController.m; sourceTree = "<group>"; };
		EA95151B1FD864AD00386EEF /* TableViewController.h */ = {isa = PBXFileReference; fileEncoding = 4; lastKnownFileType = sourcecode.c.h; path = TableViewController.h; sourceTree = "<group>"; };
		EA95151C1FD864AD00386EEF /* TableViewController.m */ = {isa = PBXFileReference; fileEncoding = 4; lastKnownFileType = sourcecode.c.objc; path = TableViewController.m; sourceTree = "<group>"; };
		EA95151E1FD8658C00386EEF /* equipment.h */ = {isa = PBXFileReference; fileEncoding = 4; lastKnownFileType = sourcecode.c.h; path = equipment.h; sourceTree = "<group>"; };
		EA95151F1FD8658C00386EEF /* equipment.m */ = {isa = PBXFileReference; fileEncoding = 4; lastKnownFileType = sourcecode.c.objc; path = equipment.m; sourceTree = "<group>"; };
		EA9515211FD866F000386EEF /* dataModel.h */ = {isa = PBXFileReference; fileEncoding = 4; lastKnownFileType = sourcecode.c.h; path = dataModel.h; sourceTree = "<group>"; };
		EA9515221FD866F000386EEF /* dataModel.m */ = {isa = PBXFileReference; fileEncoding = 4; lastKnownFileType = sourcecode.c.objc; path = dataModel.m; sourceTree = "<group>"; };
		EAA46BB31FD88D0200B222D0 /* ak-47.jpg */ = {isa = PBXFileReference; lastKnownFileType = image.jpeg; path = "ak-47.jpg"; sourceTree = "<group>"; };
		EAA46BB41FD88D0200B222D0 /* akm.jpg */ = {isa = PBXFileReference; lastKnownFileType = image.jpeg; path = akm.jpg; sourceTree = "<group>"; };
		EAA46BB51FD88D0200B222D0 /* dragunov.jpg */ = {isa = PBXFileReference; lastKnownFileType = image.jpeg; path = dragunov.jpg; sourceTree = "<group>"; };
		EAA46BB61FD88D0200B222D0 /* dshk_hmg.jpg */ = {isa = PBXFileReference; lastKnownFileType = image.jpeg; path = dshk_hmg.jpg; sourceTree = "<group>"; };
		EAA46BB71FD88D0200B222D0 /* rpg-18.jpg */ = {isa = PBXFileReference; lastKnownFileType = image.jpeg; path = "rpg-18.jpg"; sourceTree = "<group>"; };
		EAA46BB81FD88D0200B222D0 /* rpg-7.jpg */ = {isa = PBXFileReference; lastKnownFileType = image.jpeg; path = "rpg-7.jpg"; sourceTree = "<group>"; };
		EAA46BB91FD88D0200B222D0 /* rpk_lmg.jpg */ = {isa = PBXFileReference; lastKnownFileType = image.jpeg; path = rpk_lmg.jpg; sourceTree = "<group>"; };
		EAA46BBA1FD88D0200B222D0 /* rpo-a.jpg */ = {isa = PBXFileReference; lastKnownFileType = image.jpeg; path = "rpo-a.jpg"; sourceTree = "<group>"; };
		EAA46BBB1FD88D0200B222D0 /* tt-33_tokarev.jpg */ = {isa = PBXFileReference; lastKnownFileType = image.jpeg; path = "tt-33_tokarev.jpg"; sourceTree = "<group>"; };
/* End PBXFileReference section */

/* Begin PBXFrameworksBuildPhase section */
		EA0ABE321FBF475F002B8C93 /* Frameworks */ = {
			isa = PBXFrameworksBuildPhase;
			buildActionMask = 2147483647;
			files = (
				EA0ABE6F1FBF5918002B8C93 /* MapKit.framework in Frameworks */,
				EA0ABE6D1FBF49EF002B8C93 /* CoreLocation.framework in Frameworks */,
			);
			runOnlyForDeploymentPostprocessing = 0;
		};
		EA0ABE4B1FBF4760002B8C93 /* Frameworks */ = {
			isa = PBXFrameworksBuildPhase;
			buildActionMask = 2147483647;
			files = (
			);
			runOnlyForDeploymentPostprocessing = 0;
		};
		EA0ABE561FBF4760002B8C93 /* Frameworks */ = {
			isa = PBXFrameworksBuildPhase;
			buildActionMask = 2147483647;
			files = (
			);
			runOnlyForDeploymentPostprocessing = 0;
		};
/* End PBXFrameworksBuildPhase section */

/* Begin PBXGroup section */
		EA0ABE2C1FBF475F002B8C93 = {
			isa = PBXGroup;
			children = (
				EA0ABE371FBF475F002B8C93 /* dangerZone */,
				EA0ABE511FBF4760002B8C93 /* dangerZoneTests */,
				EA0ABE5C1FBF4760002B8C93 /* dangerZoneUITests */,
				EA0ABE361FBF475F002B8C93 /* Products */,
				EA0ABE6B1FBF49EF002B8C93 /* Frameworks */,
			);
			sourceTree = "<group>";
		};
		EA0ABE361FBF475F002B8C93 /* Products */ = {
			isa = PBXGroup;
			children = (
				EA0ABE351FBF475F002B8C93 /* dangerZone.app */,
				EA0ABE4E1FBF4760002B8C93 /* dangerZoneTests.xctest */,
				EA0ABE591FBF4760002B8C93 /* dangerZoneUITests.xctest */,
			);
			name = Products;
			sourceTree = "<group>";
		};
		EA0ABE371FBF475F002B8C93 /* dangerZone */ = {
			isa = PBXGroup;
			children = (
				EA0ABE3B1FBF475F002B8C93 /* AppDelegate.h */,
				EA0ABE3C1FBF475F002B8C93 /* AppDelegate.m */,
				EA0ABE3E1FBF475F002B8C93 /* ViewController.h */,
				EA0ABE3F1FBF475F002B8C93 /* ViewController.m */,
				EA0ABE411FBF475F002B8C93 /* Main.storyboard */,
				EA95151E1FD8658C00386EEF /* equipment.h */,
				EA9515211FD866F000386EEF /* dataModel.h */,
				EA9515221FD866F000386EEF /* dataModel.m */,
				EA95151F1FD8658C00386EEF /* equipment.m */,
				EA95151B1FD864AD00386EEF /* TableViewController.h */,
				EA95151C1FD864AD00386EEF /* TableViewController.m */,
				EA9515181FD8643800386EEF /* DetailsViewController.h */,
				EA9515191FD8643800386EEF /* DetailsViewController.m */,
				EA0ABE441FBF475F002B8C93 /* Assets.xcassets */,
				EA0ABE461FBF475F002B8C93 /* LaunchScreen.storyboard */,
				EA0ABE491FBF475F002B8C93 /* Info.plist */,
				EAA46BB31FD88D0200B222D0 /* ak-47.jpg */,
				EAA46BB41FD88D0200B222D0 /* akm.jpg */,
				EAA46BB51FD88D0200B222D0 /* dragunov.jpg */,
				EAA46BB61FD88D0200B222D0 /* dshk_hmg.jpg */,
				EAA46BB71FD88D0200B222D0 /* rpg-18.jpg */,
				EAA46BB81FD88D0200B222D0 /* rpg-7.jpg */,
				EAA46BB91FD88D0200B222D0 /* rpk_lmg.jpg */,
				EAA46BBA1FD88D0200B222D0 /* rpo-a.jpg */,
				EAA46BBB1FD88D0200B222D0 /* tt-33_tokarev.jpg */,
				EA0ABE381FBF475F002B8C93 /* Supporting Files */,
			);
			path = dangerZone;
			sourceTree = "<group>";
		};
		EA0ABE381FBF475F002B8C93 /* Supporting Files */ = {
			isa = PBXGroup;
			children = (
				EA0ABE391FBF475F002B8C93 /* main.m */,
			);
			name = "Supporting Files";
			sourceTree = "<group>";
		};
		EA0ABE511FBF4760002B8C93 /* dangerZoneTests */ = {
			isa = PBXGroup;
			children = (
				EA0ABE521FBF4760002B8C93 /* dangerZoneTests.m */,
				EA0ABE541FBF4760002B8C93 /* Info.plist */,
			);
			path = dangerZoneTests;
			sourceTree = "<group>";
		};
		EA0ABE5C1FBF4760002B8C93 /* dangerZoneUITests */ = {
			isa = PBXGroup;
			children = (
				EA0ABE5D1FBF4760002B8C93 /* dangerZoneUITests.m */,
				EA0ABE5F1FBF4760002B8C93 /* Info.plist */,
			);
			path = dangerZoneUITests;
			sourceTree = "<group>";
		};
		EA0ABE6B1FBF49EF002B8C93 /* Frameworks */ = {
			isa = PBXGroup;
			children = (
				EA0ABE6E1FBF5918002B8C93 /* MapKit.framework */,
				EA0ABE6C1FBF49EF002B8C93 /* CoreLocation.framework */,
			);
			name = Frameworks;
			sourceTree = "<group>";
		};
/* End PBXGroup section */

/* Begin PBXNativeTarget section */
		EA0ABE341FBF475F002B8C93 /* dangerZone */ = {
			isa = PBXNativeTarget;
			buildConfigurationList = EA0ABE621FBF4760002B8C93 /* Build configuration list for PBXNativeTarget "dangerZone" */;
			buildPhases = (
				EA0ABE311FBF475F002B8C93 /* Sources */,
				EA0ABE321FBF475F002B8C93 /* Frameworks */,
				EA0ABE331FBF475F002B8C93 /* Resources */,
			);
			buildRules = (
			);
			dependencies = (
			);
			name = dangerZone;
			productName = dangerZone;
			productReference = EA0ABE351FBF475F002B8C93 /* dangerZone.app */;
			productType = "com.apple.product-type.application";
		};
		EA0ABE4D1FBF4760002B8C93 /* dangerZoneTests */ = {
			isa = PBXNativeTarget;
			buildConfigurationList = EA0ABE651FBF4760002B8C93 /* Build configuration list for PBXNativeTarget "dangerZoneTests" */;
			buildPhases = (
				EA0ABE4A1FBF4760002B8C93 /* Sources */,
				EA0ABE4B1FBF4760002B8C93 /* Frameworks */,
				EA0ABE4C1FBF4760002B8C93 /* Resources */,
			);
			buildRules = (
			);
			dependencies = (
				EA0ABE501FBF4760002B8C93 /* PBXTargetDependency */,
			);
			name = dangerZoneTests;
			productName = dangerZoneTests;
			productReference = EA0ABE4E1FBF4760002B8C93 /* dangerZoneTests.xctest */;
			productType = "com.apple.product-type.bundle.unit-test";
		};
		EA0ABE581FBF4760002B8C93 /* dangerZoneUITests */ = {
			isa = PBXNativeTarget;
			buildConfigurationList = EA0ABE681FBF4760002B8C93 /* Build configuration list for PBXNativeTarget "dangerZoneUITests" */;
			buildPhases = (
				EA0ABE551FBF4760002B8C93 /* Sources */,
				EA0ABE561FBF4760002B8C93 /* Frameworks */,
				EA0ABE571FBF4760002B8C93 /* Resources */,
			);
			buildRules = (
			);
			dependencies = (
				EA0ABE5B1FBF4760002B8C93 /* PBXTargetDependency */,
			);
			name = dangerZoneUITests;
			productName = dangerZoneUITests;
			productReference = EA0ABE591FBF4760002B8C93 /* dangerZoneUITests.xctest */;
			productType = "com.apple.product-type.bundle.ui-testing";
		};
/* End PBXNativeTarget section */

/* Begin PBXProject section */
		EA0ABE2D1FBF475F002B8C93 /* Project object */ = {
			isa = PBXProject;
			attributes = {
				LastUpgradeCheck = 0800;
				ORGANIZATIONNAME = "University of Leeds";
				TargetAttributes = {
					EA0ABE341FBF475F002B8C93 = {
						CreatedOnToolsVersion = 8.0;
						ProvisioningStyle = Automatic;
					};
					EA0ABE4D1FBF4760002B8C93 = {
						CreatedOnToolsVersion = 8.0;
						ProvisioningStyle = Automatic;
						TestTargetID = EA0ABE341FBF475F002B8C93;
					};
					EA0ABE581FBF4760002B8C93 = {
						CreatedOnToolsVersion = 8.0;
						ProvisioningStyle = Automatic;
						TestTargetID = EA0ABE341FBF475F002B8C93;
					};
				};
			};
			buildConfigurationList = EA0ABE301FBF475F002B8C93 /* Build configuration list for PBXProject "dangerZone" */;
			compatibilityVersion = "Xcode 3.2";
			developmentRegion = English;
			hasScannedForEncodings = 0;
			knownRegions = (
				en,
				Base,
			);
			mainGroup = EA0ABE2C1FBF475F002B8C93;
			productRefGroup = EA0ABE361FBF475F002B8C93 /* Products */;
			projectDirPath = "";
			projectRoot = "";
			targets = (
				EA0ABE341FBF475F002B8C93 /* dangerZone */,
				EA0ABE4D1FBF4760002B8C93 /* dangerZoneTests */,
				EA0ABE581FBF4760002B8C93 /* dangerZoneUITests */,
			);
		};
/* End PBXProject section */

/* Begin PBXResourcesBuildPhase section */
		EA0ABE331FBF475F002B8C93 /* Resources */ = {
			isa = PBXResourcesBuildPhase;
			buildActionMask = 2147483647;
			files = (
				EAA46BC01FD88D0200B222D0 /* rpg-18.jpg in Resources */,
				EAA46BBD1FD88D0200B222D0 /* akm.jpg in Resources */,
				EAA46BC21FD88D0200B222D0 /* rpk_lmg.jpg in Resources */,
				EAA46BBF1FD88D0200B222D0 /* dshk_hmg.jpg in Resources */,
				EAA46BBE1FD88D0200B222D0 /* dragunov.jpg in Resources */,
				EAA46BC11FD88D0200B222D0 /* rpg-7.jpg in Resources */,
				EAA46BC31FD88D0200B222D0 /* rpo-a.jpg in Resources */,
				EAA46BBC1FD88D0200B222D0 /* ak-47.jpg in Resources */,
				EA0ABE481FBF475F002B8C93 /* LaunchScreen.storyboard in Resources */,
				EA0ABE451FBF475F002B8C93 /* Assets.xcassets in Resources */,
				EAA46BC41FD88D0200B222D0 /* tt-33_tokarev.jpg in Resources */,
				EA0ABE431FBF475F002B8C93 /* Main.storyboard in Resources */,
			);
			runOnlyForDeploymentPostprocessing = 0;
		};
		EA0ABE4C1FBF4760002B8C93 /* Resources */ = {
			isa = PBXResourcesBuildPhase;
			buildActionMask = 2147483647;
			files = (
			);
			runOnlyForDeploymentPostprocessing = 0;
		};
		EA0ABE571FBF4760002B8C93 /* Resources */ = {
			isa = PBXResourcesBuildPhase;
			buildActionMask = 2147483647;
			files = (
			);
			runOnlyForDeploymentPostprocessing = 0;
		};
/* End PBXResourcesBuildPhase section */

/* Begin PBXSourcesBuildPhase section */
		EA0ABE311FBF475F002B8C93 /* Sources */ = {
			isa = PBXSourcesBuildPhase;
			buildActionMask = 2147483647;
			files = (
				EA9515201FD8658C00386EEF /* equipment.m in Sources */,
				EA0ABE401FBF475F002B8C93 /* ViewController.m in Sources */,
				EA9515231FD866F000386EEF /* dataModel.m in Sources */,
				EA0ABE3D1FBF475F002B8C93 /* AppDelegate.m in Sources */,
				EA0ABE3A1FBF475F002B8C93 /* main.m in Sources */,
				EA95151D1FD864AD00386EEF /* TableViewController.m in Sources */,
				EA95151A1FD8643800386EEF /* DetailsViewController.m in Sources */,
			);
			runOnlyForDeploymentPostprocessing = 0;
		};
		EA0ABE4A1FBF4760002B8C93 /* Sources */ = {
			isa = PBXSourcesBuildPhase;
			buildActionMask = 2147483647;
			files = (
				EA0ABE531FBF4760002B8C93 /* dangerZoneTests.m in Sources */,
			);
			runOnlyForDeploymentPostprocessing = 0;
		};
		EA0ABE551FBF4760002B8C93 /* Sources */ = {
			isa = PBXSourcesBuildPhase;
			buildActionMask = 2147483647;
			files = (
				EA0ABE5E1FBF4760002B8C93 /* dangerZoneUITests.m in Sources */,
			);
			runOnlyForDeploymentPostprocessing = 0;
		};
/* End PBXSourcesBuildPhase section */

/* Begin PBXTargetDependency section */
		EA0ABE501FBF4760002B8C93 /* PBXTargetDependency */ = {
			isa = PBXTargetDependency;
			target = EA0ABE341FBF475F002B8C93 /* dangerZone */;
			targetProxy = EA0ABE4F1FBF4760002B8C93 /* PBXContainerItemProxy */;
		};
		EA0ABE5B1FBF4760002B8C93 /* PBXTargetDependency */ = {
			isa = PBXTargetDependency;
			target = EA0ABE341FBF475F002B8C93 /* dangerZone */;
			targetProxy = EA0ABE5A1FBF4760002B8C93 /* PBXContainerItemProxy */;
		};
/* End PBXTargetDependency section */

/* Begin PBXVariantGroup section */
		EA0ABE411FBF475F002B8C93 /* Main.storyboard */ = {
			isa = PBXVariantGroup;
			children = (
				EA0ABE421FBF475F002B8C93 /* Base */,
			);
			name = Main.storyboard;
			sourceTree = "<group>";
		};
		EA0ABE461FBF475F002B8C93 /* LaunchScreen.storyboard */ = {
			isa = PBXVariantGroup;
			children = (
				EA0ABE471FBF475F002B8C93 /* Base */,
			);
			name = LaunchScreen.storyboard;
			sourceTree = "<group>";
		};
/* End PBXVariantGroup section */

/* Begin XCBuildConfiguration section */
		EA0ABE601FBF4760002B8C93 /* Debug */ = {
			isa = XCBuildConfiguration;
			buildSettings = {
				ALWAYS_SEARCH_USER_PATHS = NO;
				CLANG_ANALYZER_NONNULL = YES;
				CLANG_CXX_LANGUAGE_STANDARD = "gnu++0x";
				CLANG_CXX_LIBRARY = "libc++";
				CLANG_ENABLE_MODULES = YES;
				CLANG_ENABLE_OBJC_ARC = YES;
				CLANG_WARN_BOOL_CONVERSION = YES;
				CLANG_WARN_CONSTANT_CONVERSION = YES;
				CLANG_WARN_DIRECT_OBJC_ISA_USAGE = YES_ERROR;
				CLANG_WARN_DOCUMENTATION_COMMENTS = YES;
				CLANG_WARN_EMPTY_BODY = YES;
				CLANG_WARN_ENUM_CONVERSION = YES;
				CLANG_WARN_INFINITE_RECURSION = YES;
				CLANG_WARN_INT_CONVERSION = YES;
				CLANG_WARN_OBJC_ROOT_CLASS = YES_ERROR;
				CLANG_WARN_SUSPICIOUS_MOVES = YES;
				CLANG_WARN_UNREACHABLE_CODE = YES;
				CLANG_WARN__DUPLICATE_METHOD_MATCH = YES;
				"CODE_SIGN_IDENTITY[sdk=iphoneos*]" = "iPhone Developer";
				COPY_PHASE_STRIP = NO;
				DEBUG_INFORMATION_FORMAT = dwarf;
				ENABLE_STRICT_OBJC_MSGSEND = YES;
				ENABLE_TESTABILITY = YES;
				GCC_C_LANGUAGE_STANDARD = gnu99;
				GCC_DYNAMIC_NO_PIC = NO;
				GCC_NO_COMMON_BLOCKS = YES;
				GCC_OPTIMIZATION_LEVEL = 0;
				GCC_PREPROCESSOR_DEFINITIONS = (
					"DEBUG=1",
					"$(inherited)",
				);
				GCC_WARN_64_TO_32_BIT_CONVERSION = YES;
				GCC_WARN_ABOUT_RETURN_TYPE = YES_ERROR;
				GCC_WARN_UNDECLARED_SELECTOR = YES;
				GCC_WARN_UNINITIALIZED_AUTOS = YES_AGGRESSIVE;
				GCC_WARN_UNUSED_FUNCTION = YES;
				GCC_WARN_UNUSED_VARIABLE = YES;
				IPHONEOS_DEPLOYMENT_TARGET = 10.0;
				MTL_ENABLE_DEBUG_INFO = YES;
				ONLY_ACTIVE_ARCH = YES;
				SDKROOT = iphoneos;
				TARGETED_DEVICE_FAMILY = "1,2";
			};
			name = Debug;
		};
		EA0ABE611FBF4760002B8C93 /* Release */ = {
			isa = XCBuildConfiguration;
			buildSettings = {
				ALWAYS_SEARCH_USER_PATHS = NO;
				CLANG_ANALYZER_NONNULL = YES;
				CLANG_CXX_LANGUAGE_STANDARD = "gnu++0x";
				CLANG_CXX_LIBRARY = "libc++";
				CLANG_ENABLE_MODULES = YES;
				CLANG_ENABLE_OBJC_ARC = YES;
				CLANG_WARN_BOOL_CONVERSION = YES;
				CLANG_WARN_CONSTANT_CONVERSION = YES;
				CLANG_WARN_DIRECT_OBJC_ISA_USAGE = YES_ERROR;
				CLANG_WARN_DOCUMENTATION_COMMENTS = YES;
				CLANG_WARN_EMPTY_BODY = YES;
				CLANG_WARN_ENUM_CONVERSION = YES;
				CLANG_WARN_INFINITE_RECURSION = YES;
				CLANG_WARN_INT_CONVERSION = YES;
				CLANG_WARN_OBJC_ROOT_CLASS = YES_ERROR;
				CLANG_WARN_SUSPICIOUS_MOVES = YES;
				CLANG_WARN_UNREACHABLE_CODE = YES;
				CLANG_WARN__DUPLICATE_METHOD_MATCH = YES;
				"CODE_SIGN_IDENTITY[sdk=iphoneos*]" = "iPhone Developer";
				COPY_PHASE_STRIP = NO;
				DEBUG_INFORMATION_FORMAT = "dwarf-with-dsym";
				ENABLE_NS_ASSERTIONS = NO;
				ENABLE_STRICT_OBJC_MSGSEND = YES;
				GCC_C_LANGUAGE_STANDARD = gnu99;
				GCC_NO_COMMON_BLOCKS = YES;
				GCC_WARN_64_TO_32_BIT_CONVERSION = YES;
				GCC_WARN_ABOUT_RETURN_TYPE = YES_ERROR;
				GCC_WARN_UNDECLARED_SELECTOR = YES;
				GCC_WARN_UNINITIALIZED_AUTOS = YES_AGGRESSIVE;
				GCC_WARN_UNUSED_FUNCTION = YES;
				GCC_WARN_UNUSED_VARIABLE = YES;
				IPHONEOS_DEPLOYMENT_TARGET = 10.0;
				MTL_ENABLE_DEBUG_INFO = NO;
				SDKROOT = iphoneos;
				TARGETED_DEVICE_FAMILY = "1,2";
				VALIDATE_PRODUCT = YES;
			};
			name = Release;
		};
		EA0ABE631FBF4760002B8C93 /* Debug */ = {
			isa = XCBuildConfiguration;
			buildSettings = {
				ASSETCATALOG_COMPILER_APPICON_NAME = AppIcon;
				INFOPLIST_FILE = dangerZone/Info.plist;
				LD_RUNPATH_SEARCH_PATHS = "$(inherited) @executable_path/Frameworks";
				PRODUCT_BUNDLE_IDENTIFIER = uk.ac.leeds.dangerZone;
				PRODUCT_NAME = "$(TARGET_NAME)";
			};
			name = Debug;
		};
		EA0ABE641FBF4760002B8C93 /* Release */ = {
			isa = XCBuildConfiguration;
			buildSettings = {
				ASSETCATALOG_COMPILER_APPICON_NAME = AppIcon;
				INFOPLIST_FILE = dangerZone/Info.plist;
				LD_RUNPATH_SEARCH_PATHS = "$(inherited) @executable_path/Frameworks";
				PRODUCT_BUNDLE_IDENTIFIER = uk.ac.leeds.dangerZone;
				PRODUCT_NAME = "$(TARGET_NAME)";
			};
			name = Release;
		};
		EA0ABE661FBF4760002B8C93 /* Debug */ = {
			isa = XCBuildConfiguration;
			buildSettings = {
				BUNDLE_LOADER = "$(TEST_HOST)";
				INFOPLIST_FILE = dangerZoneTests/Info.plist;
				LD_RUNPATH_SEARCH_PATHS = "$(inherited) @executable_path/Frameworks @loader_path/Frameworks";
				PRODUCT_BUNDLE_IDENTIFIER = uk.ac.leeds.dangerZoneTests;
				PRODUCT_NAME = "$(TARGET_NAME)";
				TEST_HOST = "$(BUILT_PRODUCTS_DIR)/dangerZone.app/dangerZone";
			};
			name = Debug;
		};
		EA0ABE671FBF4760002B8C93 /* Release */ = {
			isa = XCBuildConfiguration;
			buildSettings = {
				BUNDLE_LOADER = "$(TEST_HOST)";
				INFOPLIST_FILE = dangerZoneTests/Info.plist;
				LD_RUNPATH_SEARCH_PATHS = "$(inherited) @executable_path/Frameworks @loader_path/Frameworks";
				PRODUCT_BUNDLE_IDENTIFIER = uk.ac.leeds.dangerZoneTests;
				PRODUCT_NAME = "$(TARGET_NAME)";
				TEST_HOST = "$(BUILT_PRODUCTS_DIR)/dangerZone.app/dangerZone";
			};
			name = Release;
		};
		EA0ABE691FBF4760002B8C93 /* Debug */ = {
			isa = XCBuildConfiguration;
			buildSettings = {
				INFOPLIST_FILE = dangerZoneUITests/Info.plist;
				LD_RUNPATH_SEARCH_PATHS = "$(inherited) @executable_path/Frameworks @loader_path/Frameworks";
				PRODUCT_BUNDLE_IDENTIFIER = uk.ac.leeds.dangerZoneUITests;
				PRODUCT_NAME = "$(TARGET_NAME)";
				TEST_TARGET_NAME = dangerZone;
			};
			name = Debug;
		};
		EA0ABE6A1FBF4760002B8C93 /* Release */ = {
			isa = XCBuildConfiguration;
			buildSettings = {
				INFOPLIST_FILE = dangerZoneUITests/Info.plist;
				LD_RUNPATH_SEARCH_PATHS = "$(inherited) @executable_path/Frameworks @loader_path/Frameworks";
				PRODUCT_BUNDLE_IDENTIFIER = uk.ac.leeds.dangerZoneUITests;
				PRODUCT_NAME = "$(TARGET_NAME)";
				TEST_TARGET_NAME = dangerZone;
			};
			name = Release;
		};
/* End XCBuildConfiguration section */

/* Begin XCConfigurationList section */
		EA0ABE301FBF475F002B8C93 /* Build configuration list for PBXProject "dangerZone" */ = {
			isa = XCConfigurationList;
			buildConfigurations = (
				EA0ABE601FBF4760002B8C93 /* Debug */,
				EA0ABE611FBF4760002B8C93 /* Release */,
			);
			defaultConfigurationIsVisible = 0;
			defaultConfigurationName = Release;
		};
		EA0ABE621FBF4760002B8C93 /* Build configuration list for PBXNativeTarget "dangerZone" */ = {
			isa = XCConfigurationList;
			buildConfigurations = (
				EA0ABE631FBF4760002B8C93 /* Debug */,
				EA0ABE641FBF4760002B8C93 /* Release */,
			);
			defaultConfigurationIsVisible = 0;
			defaultConfigurationName = Release;
		};
		EA0ABE651FBF4760002B8C93 /* Build configuration list for PBXNativeTarget "dangerZoneTests" */ = {
			isa = XCConfigurationList;
			buildConfigurations = (
				EA0ABE661FBF4760002B8C93 /* Debug */,
				EA0ABE671FBF4760002B8C93 /* Release */,
			);
			defaultConfigurationIsVisible = 0;
			defaultConfigurationName = Release;
		};
		EA0ABE681FBF4760002B8C93 /* Build configuration list for PBXNativeTarget "dangerZoneUITests" */ = {
			isa = XCConfigurationList;
			buildConfigurations = (
				EA0ABE691FBF4760002B8C93 /* Debug */,
				EA0ABE6A1FBF4760002B8C93 /* Release */,
			);
			defaultConfigurationIsVisible = 0;
			defaultConfigurationName = Release;
		};
/* End XCConfigurationList section */
	};
	rootObject = EA0ABE2D1FBF475F002B8C93 /* Project object */;
}
